{
  "schemaVersion": 1,
  "entries": {
    "ch.qos.logback:logback-classic::jar@1.5.18": {
      "group": "ch.qos.logback",
      "artifact": "logback-classic",
      "version": "1.5.18",
      "type": "",
      "scope": "compile",
      "repository": "cache",
      "depth": 3
    },
    "ch.qos.logback:logback-core::jar@1.5.38": {
      "group": "ch.qos.logback",
      "artifact": "logback-core",
      "version": "1.5.38",
      "type": "",
      "scope": "compile",
      "repository": "cache",
      "depth": 4
    },
    "com.fasterxml.jackson.core:jackson-annotations::jar@3.0-rc5": {
      "group": "com.fasterxml.jackson.core",
      "artifact": "jackson-annotations",
      "version": "3.0-rc5",
      "type": "",
      "scope": "compile",
      "repository": "cache",
      "depth": 3
    },
    "com.fasterxml.jackson.core:jackson-core::jar@2.19.2": {
      "group": "com.fasterxml.jackson.core",
      "artifact": "jackson-core",
      "version": "2.19.2",
      "type": "",
      "scope": "compile",
      "repository": "cache",
      "depth": 3
    },
    "com.fasterxml.jackson.core:jackson-databind::jar@2.19.2": {
      "group": "com.fasterxml.jackson.core",
      "artifact": "jackson-databind",
      "version": "2.19.2",
      "type": "",
      "scope": "compile",
      "repository": "cache",
      "depth": 2
    },
    "com.fasterxml.jackson.datatype:jackson-datatype-jdk8::jar@2.19.2": {
      "group": "com.fasterxml.jackson.datatype",
      "artifact": "jackson-datatype-jdk8",
      "version": "2.19.2",
      "type": "",
      "scope": "compile",
      "repository": "cache",
      "depth": 2
    },
    "com.fasterxml.jackson.datatype:jackson-datatype-jsr310::jar@2.19.2": {
      "group": "com.fasterxml.jackson.datatype",
      "artifact": "jackson-datatype-jsr310",
      "version": "2.19.2",
      "type": "",
      "scope": "compile",
      "repository": "cache",
      "depth": 2
    },
    "com.fasterxml.jackson.module:jackson-module-parameter-names::jar@2.19.2": {
      "group": "com.fasterxml.jackson.module",
      "artifact": "jackson-module-parameter-names",
      "version": "2.19.2",
      "type": "",
      "scope": "compile",
      "repository": "cache",
      "depth": 2
    },
    "com.google.code.findbugs:jsr305::jar@3.0.2": {
      "group": "com.google.code.findbugs",
      "artifact": "jsr305",
      "version": "3.0.2",
      "type": "",
      "scope": "compile",
      "repository": "cache",
      "depth": 3
    },
    "com.typesafe:config::jar@1.4.3": {
      "group": "com.typesafe",
      "artifact": "config",
      "version": "1.4.3",
      "type": "",
      "scope": "compile",
      "repository": "cache",
      "depth": 1
    },
    "io.ktor:ktor-events-jvm::jar@3.2.3": {
      "group": "io.ktor",
      "artifact": "ktor-events-jvm",
      "version": "3.2.3",
      "type": "",
      "scope": "compile",
      "repository": "cache",
      "depth": 1
    },
    "io.ktor:ktor-http-cio-jvm::jar@3.2.3": {
      "group": "io.ktor",
      "artifact": "ktor-http-cio-jvm",
      "version": "3.2.3",
      "type": "",
      "scope": "compile",
      "repository": "cache",
      "depth": 1
    },
    "io.ktor:ktor-http-jvm::jar@3.2.3": {
      "group": "io.ktor",
      "artifact": "ktor-http-jvm",
      "version": "3.2.3",
      "type": "",
      "scope": "compile",
      "repository": "cache",
      "depth": 1
    },
    "io.ktor:ktor-io-jvm::jar@3.2.3": {
      "group": "io.ktor",
      "artifact": "ktor-io-jvm",
      "version": "3.2.3",
      "type": "",
      "scope": "compile",
      "repository": "cache",
      "depth": 2
    },
    "io.ktor:ktor-network-jvm::jar@3.2.3": {
      "group": "io.ktor",
      "artifact": "ktor-network-jvm",
      "version": "3.2.3",
      "type": "",
      "scope": "compile",
      "repository": "cache",
      "depth": 2
    },
    "io.ktor:ktor-serialization-jvm::jar@3.2.3": {
      "group": "io.ktor",
      "artifact": "ktor-serialization-jvm",
      "version": "3.2.3",
      "type": "",
      "scope": "compile",
      "repository": "cache",
      "depth": 1
    },
    "io.ktor:ktor-server-core-jvm::jar@3.2.3": {
      "group": "io.ktor",
      "artifact": "ktor-server-core-jvm",
      "version": "3.2.3",
      "type": "",
      "scope": "compile",
      "repository": "cache",
      "depth": 0
    },
    "io.ktor:ktor-utils-jvm::jar@3.2.3": {
      "group": "io.ktor",
      "artifact": "ktor-utils-jvm",
      "version": "3.2.3",
      "type": "",
      "scope": "compile",
      "repository": "cache",
      "depth": 1
    },
    "io.ktor:ktor-websockets-jvm::jar@3.2.3": {
      "group": "io.ktor",
      "artifact": "ktor-websockets-jvm",
      "version": "3.2.3",
      "type": "",
      "scope": "compile",
      "repository": "cache",
      "depth": 1
    },
    "io.kvision:kvision-common-annotations::jar@8.2.0": {
      "group": "io.kvision",
      "artifact": "kvision-common-annotations",
      "version": "8.2.0",
      "type": "",
      "scope": "runtime",
      "repository": "cache",
      "depth": 1
    },
    "io.kvision:kvision-common-remote::jar@8.2.0": {
      "group": "io.kvision",
      "artifact": "kvision-common-remote",
      "version": "8.2.0",
      "type": "",
      "scope": "runtime",
      "repository": "cache",
      "depth": 1
    },
    "io.kvision:kvision-common-types::jar@8.2.0": {
      "group": "io.kvision",
      "artifact": "kvision-common-types",
      "version": "8.2.0",
      "type": "",
      "scope": "runtime",
      "repository": "cache",
      "depth": 1
    },
    "io.kvision:kvision-server-javalin::jar@8.2.0": {
      "group": "io.kvision",
      "artifact": "kvision-server-javalin",
      "version": "8.2.0",
      "type": "",
      "scope": "compile",
      "repository": "cache",
      "depth": 0
    },
    "io.micrometer:context-propagation::jar@1.1.3": {
      "group": "io.micrometer",
      "artifact": "context-propagation",
      "version": "1.1.3",
      "type": "",
      "scope": "compile",
      "repository": "cache",
      "depth": 3
    },
    "io.micrometer:micrometer-commons::jar@1.14.9": {
      "group": "io.micrometer",
      "artifact": "micrometer-commons",
      "version": "1.14.9",
      "type": "",
      "scope": "compile",
      "repository": "cache",
      "depth": 3
    },
    "io.micrometer:micrometer-observation::jar@1.14.9": {
      "group": "io.micrometer",
      "artifact": "micrometer-observation",
      "version": "1.14.9",
      "type": "",
      "scope": "compile",
      "repository": "cache",
      "depth": 2
    },
    "jakarta.activation:jakarta.activation-api::jar@2.2.0-M2": {
      "group": "jakarta.activation",
      "artifact": "jakarta.activation-api",
      "version": "2.2.0-M2",
      "type": "",
      "scope": "compile",
      "repository": "cache",
      "depth": 4
    },
    "jakarta.annotation:jakarta.annotation-api::jar@2.1.1": {
      "group": "jakarta.annotation",
      "artifact": "jakarta.annotation-api",
      "version": "2.1.1",
      "type": "",
      "scope": "compile",
      "repository": "cache",
      "depth": 2
    },
    "jakarta.mail:jakarta.mail-api::jar@2.2.0-M1": {
      "group": "jakarta.mail",
      "artifact": "jakarta.mail-api",
      "version": "2.2.0-M1",
      "type": "",
      "scope": "compile",
      "repository": "cache",
      "depth": 4
    },
    "jakarta.servlet:jakarta.servlet-api::jar@6.2.0-M2": {
      "group": "jakarta.servlet",
      "artifact": "jakarta.servlet-api",
      "version": "6.2.0-M2",
      "type": "",
      "scope": "compile",
      "repository": "cache",
      "depth": 5
    },
    "javax.servlet:javax.servlet-api::jar@4.0.1": {
      "group": "javax.servlet",
      "artifact": "javax.servlet-api",
      "version": "4.0.1",
      "type": "",
      "scope": "compile",
      "repository": "cache",
      "depth": 3
    },
    "org.apache.logging.log4j:log4j-api::jar@3.0.0-beta2": {
      "group": "org.apache.logging.log4j",
      "artifact": "log4j-api",
      "version": "3.0.0-beta2",
      "type": "",
      "scope": "compile",
      "repository": "cache",
      "depth": 4
    },
    "org.apache.logging.log4j:log4j-to-slf4j::jar@2.24.3": {
      "group": "org.apache.logging.log4j",
      "artifact": "log4j-to-slf4j",
      "version": "2.24.3",
      "type": "",
      "scope": "compile",
      "repository": "cache",
      "depth": 3
    },
    "org.apache.tomcat.embed:tomcat-embed-core::jar@10.1.43": {
      "group": "org.apache.tomcat.embed",
      "artifact": "tomcat-embed-core",
      "version": "10.1.43",
      "type": "",
      "scope": "compile",
      "repository": "cache",
      "depth": 2
    },
    "org.apache.tomcat.embed:tomcat-embed-el::jar@10.1.43": {
      "group": "org.apache.tomcat.embed",
      "artifact": "tomcat-embed-el",
      "version": "10.1.43",
      "type": "",
      "scope": "compile",
      "repository": "cache",
      "depth": 2
    },
    "org.apache.tomcat.embed:tomcat-embed-websocket::jar@10.1.43": {
      "group": "org.apache.tomcat.embed",
      "artifact": "tomcat-embed-websocket",
      "version": "10.1.43",
      "type": "",
      "scope": "compile",
      "repository": "cache",
      "depth": 2
    },
    "org.aspectj:aspectjrt::jar@1.9.20.1": {
      "group": "org.aspectj",
      "artifact": "aspectjrt",
      "version": "1.9.20.1",
      "type": "",
      "scope": "compile",
      "repository": "cache",
      "depth": 3
    },
    "org.codehaus.janino:janino::jar@3.1.12": {
      "group": "org.codehaus.janino",
      "artifact": "janino",
      "version": "3.1.12",
      "type": "",
      "scope": "compile",
      "repository": "cache",
      "depth": 4
    },
    "org.fusesource.jansi:jansi::jar@2.4.2": {
      "group": "org.fusesource.jansi",
      "artifact": "jansi",
      "version": "2.4.2",
      "type": "",
      "scope": "runtime",
      "repository": "cache",
      "depth": 1
    },
    "org.jetbrains.kotlin:kotlin-reflect::jar@2.1.21": {
      "group": "org.jetbrains.kotlin",
      "artifact": "kotlin-reflect",
      "version": "2.1.21",
      "type": "",
      "scope": "compile",
      "repository": "cache",
      "depth": 1
    },
    "org.jetbrains.kotlin:kotlin-stdlib::jar@2.1.10": {
      "group": "org.jetbrains.kotlin",
      "artifact": "kotlin-stdlib",
      "version": "2.1.10",
      "type": "",
      "scope": "runtime",
      "repository": "cache",
      "depth": 1
    },
    "org.jetbrains.kotlinx:kotlinx-coroutines-core-jvm::jar@1.10.2": {
      "group": "org.jetbrains.kotlinx",
      "artifact": "kotlinx-coroutines-core-jvm",
      "version": "1.10.2",
      "type": "",
      "scope": "compile",
      "repository": "cache",
      "depth": 1
    },
    "org.jetbrains.kotlinx:kotlinx-coroutines-core::jar@1.10.1": {
      "group": "org.jetbrains.kotlinx",
      "artifact": "kotlinx-coroutines-core",
      "version": "1.10.1",
      "type": "",
      "scope": "runtime",
      "repository": "cache",
      "depth": 1
    },
    "org.jetbrains.kotlinx:kotlinx-io-bytestring-jvm::jar@0.7.0": {
      "group": "org.jetbrains.kotlinx",
      "artifact": "kotlinx-io-bytestring-jvm",
      "version": "0.7.0",
      "type": "",
      "scope": "compile",
      "repository": "cache",
      "depth": 4
    },
    "org.jetbrains.kotlinx:kotlinx-io-core-jvm::jar@0.7.0": {
      "group": "org.jetbrains.kotlinx",
      "artifact": "kotlinx-io-core-jvm",
      "version": "0.7.0",
      "type": "",
      "scope": "compile",
      "repository": "cache",
      "depth": 3
    },
    "org.jetbrains.kotlinx:kotlinx-serialization-core-jvm::jar@1.8.1": {
      "group": "org.jetbrains.kotlinx",
      "artifact": "kotlinx-serialization-core-jvm",
      "version": "1.8.1",
      "type": "",
      "scope": "compile",
      "repository": "cache",
      "depth": 2
    },
    "org.jetbrains.kotlinx:kotlinx-serialization-json-jvm::jar@1.8.0": {
      "group": "org.jetbrains.kotlinx",
      "artifact": "kotlinx-serialization-json-jvm",
      "version": "1.8.0",
      "type": "",
      "scope": "compile",
      "repository": "cache",
      "depth": 2
    },
    "org.jetbrains.kotlinx:kotlinx-serialization-json::jar@1.8.0": {
      "group": "org.jetbrains.kotlinx",
      "artifact": "kotlinx-serialization-json",
      "version": "1.8.0",
      "type": "",
      "scope": "runtime",
      "repository": "cache",
      "depth": 1
    },
    "org.jetbrains:annotations::jar@23.0.0": {
      "group": "org.jetbrains",
      "artifact": "annotations",
      "version": "23.0.0",
      "type": "",
      "scope": "compile",
      "repository": "central",
      "depth": 2
    },
    "org.slf4j:jul-to-slf4j::jar@2.0.17": {
      "group": "org.slf4j",
      "artifact": "jul-to-slf4j",
      "version": "2.0.17",
      "type": "",
      "scope": "compile",
      "repository": "cache",
      "depth": 3
    },
    "org.slf4j:slf4j-api::jar@2.0.17": {
      "group": "org.slf4j",
      "artifact": "slf4j-api",
      "version": "2.0.17",
      "type": "",
      "scope": "compile",
      "repository": "cache",
      "depth": 1
    },
    "org.springframework.boot:spring-boot-autoconfigure::jar@3.5.4": {
      "group": "org.springframework.boot",
      "artifact": "spring-boot-autoconfigure",
      "version": "3.5.4",
      "type": "",
      "scope": "compile",
      "repository": "cache",
      "depth": 2
    },
    "org.springframework.boot:spring-boot-starter-json::jar@3.5.4": {
      "group": "org.springframework.boot",
      "artifact": "spring-boot-starter-json",
      "version": "3.5.4",
      "type": "",
      "scope": "compile",
      "repository": "cache",
      "depth": 1
    },
    "org.springframework.boot:spring-boot-starter-logging::jar@3.5.4": {
      "group": "org.springframework.boot",
      "artifact": "spring-boot-starter-logging",
      "version": "3.5.4",
      "type": "",
      "scope": "compile",
      "repository": "cache",
      "depth": 2
    },
    "org.springframework.boot:spring-boot-starter-tomcat::jar@3.5.4": {
      "group": "org.springframework.boot",
      "artifact": "spring-boot-starter-tomcat",
      "version": "3.5.4",
      "type": "",
      "scope": "compile",
      "repository": "cache",
      "depth": 1
    },
    "org.springframework.boot:spring-boot-starter-web::jar@3.5.4": {
      "group": "org.springframework.boot",
      "artifact": "spring-boot-starter-web",
      "version": "3.5.4",
      "type": "",
      "scope": "compile",
      "repository": "cache",
      "depth": 0
    },
    "org.springframework.boot:spring-boot-starter::jar@3.5.4": {
      "group": "org.springframework.boot",
      "artifact": "spring-boot-starter",
      "version": "3.5.4",
      "type": "",
      "scope": "compile",
      "repository": "cache",
      "depth": 1
    },
    "org.springframework.boot:spring-boot::jar@3.5.4": {
      "group": "org.springframework.boot",
      "artifact": "spring-boot",
      "version": "3.5.4",
      "type": "",
      "scope": "compile",
      "repository": "cache",
      "depth": 2
    },
    "org.springframework:spring-aop::jar@6.2.9": {
      "group": "org.springframework",
      "artifact": "spring-aop",
      "version": "6.2.9",
      "type": "",
      "scope": "compile",
      "repository": "cache",
      "depth": 2
    },
    "org.springframework:spring-beans::jar@6.2.9": {
      "group": "org.springframework",
      "artifact": "spring-beans",
      "version": "6.2.9",
      "type": "",
      "scope": "compile",
      "repository": "cache",
      "depth": 2
    },
    "org.springframework:spring-context::jar@6.2.9": {
      "group": "org.springframework",
      "artifact": "spring-context",
      "version": "6.2.9",
      "type": "",
      "scope": "compile",
      "repository": "cache",
      "depth": 2
    },
    "org.springframework:spring-core::jar@6.2.9": {
      "group": "org.springframework",
      "artifact": "spring-core",
      "version": "6.2.9",
      "type": "",
      "scope": "compile",
      "repository": "cache",
      "depth": 2
    },
    "org.springframework:spring-expression::jar@6.2.9": {
      "group": "org.springframework",
      "artifact": "spring-expression",
      "version": "6.2.9",
      "type": "",
      "scope": "compile",
      "repository": "cache",
      "depth": 2
    },
    "org.springframework:spring-jcl::jar@6.2.9": {
      "group": "org.springframework",
      "artifact": "spring-jcl",
      "version": "6.2.9",
      "type": "",
      "scope": "compile",
      "repository": "cache",
      "depth": 3
    },
    "org.springframework:spring-web::jar@6.2.9": {
      "group": "org.springframework",
      "artifact": "spring-web",
      "version": "6.2.9",
      "type": "",
      "scope": "compile",
      "repository": "cache",
      "depth": 1
    },
    "org.springframework:spring-webmvc::jar@6.2.9": {
      "group": "org.springframework",
      "artifact": "spring-webmvc",
      "version": "6.2.9",
      "type": "",
      "scope": "compile",
      "repository": "cache",
      "depth": 1
    },
    "org.yaml:snakeyaml::jar@2.4": {
      "group": "org.yaml",
      "artifact": "snakeyaml",
      "version": "2.4",
      "type": "",
      "scope": "compile",
      "repository": "cache",
      "depth": 2
    }
  }
}